// !$*UTF8*$!
{
	archiveVersion = 1;
	classes = {
	};
	objectVersion = 56;
	objects = {

/* Begin PBXBuildFile section */
		1E3331F22B2A334400666400 /* SharedFlixApp.swift in Sources */ = {isa = PBXBuildFile; fileRef = 1E3331F12B2A334400666400 /* SharedFlixApp.swift */; };
		1E3331F72B2A334500666400 /* SharedFlix.xcdatamodeld in Sources */ = {isa = PBXBuildFile; fileRef = 1E3331F52B2A334500666400 /* SharedFlix.xcdatamodeld */; };
		1E3331FB2B2A334700666400 /* Assets.xcassets in Resources */ = {isa = PBXBuildFile; fileRef = 1E3331FA2B2A334700666400 /* Assets.xcassets */; };
		1E3332092B2A334800666400 /* SharedFlixTests.swift in Sources */ = {isa = PBXBuildFile; fileRef = 1E3332082B2A334800666400 /* SharedFlixTests.swift */; };
		1E3332132B2A334800666400 /* SharedFlixUITests.swift in Sources */ = {isa = PBXBuildFile; fileRef = 1E3332122B2A334800666400 /* SharedFlixUITests.swift */; };
		1E3332152B2A334800666400 /* SharedFlixUITestsLaunchTests.swift in Sources */ = {isa = PBXBuildFile; fileRef = 1E3332142B2A334800666400 /* SharedFlixUITestsLaunchTests.swift */; };
		1E709A962B2A3A0F00D6EC5E /* PersonMO.swift in Sources */ = {isa = PBXBuildFile; fileRef = 1E709A952B2A3A0F00D6EC5E /* PersonMO.swift */; };
		1E709A9A2B2A3DDA00D6EC5E /* ParticipantMO.swift in Sources */ = {isa = PBXBuildFile; fileRef = 1E709A992B2A3DDA00D6EC5E /* ParticipantMO.swift */; };
		1E709A9C2B2A3E0300D6EC5E /* BillMO.swift in Sources */ = {isa = PBXBuildFile; fileRef = 1E709A9B2B2A3E0300D6EC5E /* BillMO.swift */; };
		1E709A9E2B2A3E2400D6EC5E /* LogMO.swift in Sources */ = {isa = PBXBuildFile; fileRef = 1E709A9D2B2A3E2400D6EC5E /* LogMO.swift */; };
		1E709AA12B2A409300D6EC5E /* CycleType.swift in Sources */ = {isa = PBXBuildFile; fileRef = 1E709AA02B2A409300D6EC5E /* CycleType.swift */; };
		1E709AA62B2A84AF00D6EC5E /* HomePageView.swift in Sources */ = {isa = PBXBuildFile; fileRef = 1E709AA52B2A84AF00D6EC5E /* HomePageView.swift */; };
		1E709AA92B2A866600D6EC5E /* BillModel.swift in Sources */ = {isa = PBXBuildFile; fileRef = 1E709AA82B2A866600D6EC5E /* BillModel.swift */; };
		1E709AAB2B2B07F400D6EC5E /* ParticipantModel.swift in Sources */ = {isa = PBXBuildFile; fileRef = 1E709AAA2B2B07F400D6EC5E /* ParticipantModel.swift */; };
		1E709AAD2B2B082400D6EC5E /* PersonModel.swift in Sources */ = {isa = PBXBuildFile; fileRef = 1E709AAC2B2B082400D6EC5E /* PersonModel.swift */; };
		1E709AAF2B2B084F00D6EC5E /* LogModel.swift in Sources */ = {isa = PBXBuildFile; fileRef = 1E709AAE2B2B084F00D6EC5E /* LogModel.swift */; };
		1E709AB32B2B0A4500D6EC5E /* Theme.swift in Sources */ = {isa = PBXBuildFile; fileRef = 1E709AB22B2B0A4500D6EC5E /* Theme.swift */; };
		1E709AB62B2B0A6500D6EC5E /* Theme+Color.swift in Sources */ = {isa = PBXBuildFile; fileRef = 1E709AB52B2B0A6500D6EC5E /* Theme+Color.swift */; };
		1E709AB82B2B0CED00D6EC5E /* Theme+GeomanistFont.swift in Sources */ = {isa = PBXBuildFile; fileRef = 1E709AB72B2B0CED00D6EC5E /* Theme+GeomanistFont.swift */; };
		1E709ABB2B2B0D3300D6EC5E /* FontLoader.swift in Sources */ = {isa = PBXBuildFile; fileRef = 1E709ABA2B2B0D3300D6EC5E /* FontLoader.swift */; };
		1E709AC12B2B0E2600D6EC5E /* Geomanist-Medium.otf in Resources */ = {isa = PBXBuildFile; fileRef = 1E709ABD2B2B0E2600D6EC5E /* Geomanist-Medium.otf */; };
		1E709AC22B2B0E2600D6EC5E /* Geomanist-MediumItalic.otf in Resources */ = {isa = PBXBuildFile; fileRef = 1E709ABE2B2B0E2600D6EC5E /* Geomanist-MediumItalic.otf */; };
		1E709AC32B2B0E2600D6EC5E /* Geomanist-Book.otf in Resources */ = {isa = PBXBuildFile; fileRef = 1E709ABF2B2B0E2600D6EC5E /* Geomanist-Book.otf */; };
		1E709AC42B2B0E2600D6EC5E /* Geomanist-BookItalic.otf in Resources */ = {isa = PBXBuildFile; fileRef = 1E709AC02B2B0E2600D6EC5E /* Geomanist-BookItalic.otf */; };
		1E709AC72B2B0E9600D6EC5E /* Text+Geomanist.swift in Sources */ = {isa = PBXBuildFile; fileRef = 1E709AC62B2B0E9600D6EC5E /* Text+Geomanist.swift */; };
		1E709AC92B2B10A800D6EC5E /* View+Padding.swift in Sources */ = {isa = PBXBuildFile; fileRef = 1E709AC82B2B10A800D6EC5E /* View+Padding.swift */; };
		1E709ACB2B2B11B500D6EC5E /* View+Frame.swift in Sources */ = {isa = PBXBuildFile; fileRef = 1E709ACA2B2B11B500D6EC5E /* View+Frame.swift */; };
		1E709ACD2B2B137600D6EC5E /* SystemDateTime.swift in Sources */ = {isa = PBXBuildFile; fileRef = 1E709ACC2B2B137600D6EC5E /* SystemDateTime.swift */; };
		1E709AD02B2B145400D6EC5E /* SwiftDate in Frameworks */ = {isa = PBXBuildFile; productRef = 1E709ACF2B2B145400D6EC5E /* SwiftDate */; };
		1E709AD32B2B149F00D6EC5E /* SystemDateTimeType.swift in Sources */ = {isa = PBXBuildFile; fileRef = 1E709AD22B2B149F00D6EC5E /* SystemDateTimeType.swift */; };
		1E709AD52B2B14D800D6EC5E /* SystemClockType.swift in Sources */ = {isa = PBXBuildFile; fileRef = 1E709AD42B2B14D800D6EC5E /* SystemClockType.swift */; };
		1E709AD72B2B152100D6EC5E /* SystemClock.swift in Sources */ = {isa = PBXBuildFile; fileRef = 1E709AD62B2B152100D6EC5E /* SystemClock.swift */; };
		1E709AD92B2B173500D6EC5E /* Date+Helpers.swift in Sources */ = {isa = PBXBuildFile; fileRef = 1E709AD82B2B173500D6EC5E /* Date+Helpers.swift */; };
		1E709ADC2B2B1D4300D6EC5E /* BillViewModel.swift in Sources */ = {isa = PBXBuildFile; fileRef = 1E709ADB2B2B1D4300D6EC5E /* BillViewModel.swift */; };
		1E709AE12B2B254800D6EC5E /* HomePageViewModel.swift in Sources */ = {isa = PBXBuildFile; fileRef = 1E709AE02B2B254800D6EC5E /* HomePageViewModel.swift */; };
		1E709AE52B2B2C4500D6EC5E /* Persistence.swift in Sources */ = {isa = PBXBuildFile; fileRef = 1E709AE42B2B2C4500D6EC5E /* Persistence.swift */; };
		1E709AE72B2B3A1000D6EC5E /* Theme+Preview.swift in Sources */ = {isa = PBXBuildFile; fileRef = 1E709AE62B2B3A1000D6EC5E /* Theme+Preview.swift */; };
		1E709AE92B2B6A1300D6EC5E /* FloatingButtonView.swift in Sources */ = {isa = PBXBuildFile; fileRef = 1E709AE82B2B6A1300D6EC5E /* FloatingButtonView.swift */; };
		1E709AEB2B2B761F00D6EC5E /* TextField+Geomanist.swift in Sources */ = {isa = PBXBuildFile; fileRef = 1E709AEA2B2B761F00D6EC5E /* TextField+Geomanist.swift */; };
		1E709AEF2B2BE02400D6EC5E /* View+Combine.swift in Sources */ = {isa = PBXBuildFile; fileRef = 1E709AEE2B2BE02400D6EC5E /* View+Combine.swift */; };
		1E709AF12B2BE77500D6EC5E /* View+Shake.swift in Sources */ = {isa = PBXBuildFile; fileRef = 1E709AF02B2BE77500D6EC5E /* View+Shake.swift */; };
		1E709AF32B2C611400D6EC5E /* CreateBillView.swift in Sources */ = {isa = PBXBuildFile; fileRef = 1E709AF22B2C611400D6EC5E /* CreateBillView.swift */; };
		1E709AF52B2C67C100D6EC5E /* BillView.swift in Sources */ = {isa = PBXBuildFile; fileRef = 1E709AF42B2C67C100D6EC5E /* BillView.swift */; };
		1E709AF72B2C6D4400D6EC5E /* Shape.swift in Sources */ = {isa = PBXBuildFile; fileRef = 1E709AF62B2C6D4400D6EC5E /* Shape.swift */; };
		1E709AF92B304F1600D6EC5E /* Views.swift in Sources */ = {isa = PBXBuildFile; fileRef = 1E709AF82B304F1600D6EC5E /* Views.swift */; };
		1E709AFB2B304F7D00D6EC5E /* InputFormView.swift in Sources */ = {isa = PBXBuildFile; fileRef = 1E709AFA2B304F7D00D6EC5E /* InputFormView.swift */; };
		1E709AFD2B304FF900D6EC5E /* InputFormViewModel.swift in Sources */ = {isa = PBXBuildFile; fileRef = 1E709AFC2B304FF900D6EC5E /* InputFormViewModel.swift */; };
		1E709AFF2B30501300D6EC5E /* CreateBillViewModel.swift in Sources */ = {isa = PBXBuildFile; fileRef = 1E709AFE2B30501300D6EC5E /* CreateBillViewModel.swift */; };
		1E709B032B30597D00D6EC5E /* AvailablePeopleView.swift in Sources */ = {isa = PBXBuildFile; fileRef = 1E709B022B30597D00D6EC5E /* AvailablePeopleView.swift */; };
		1E709B052B305B0100D6EC5E /* AvailablePeopleViewModel.swift in Sources */ = {isa = PBXBuildFile; fileRef = 1E709B042B305B0100D6EC5E /* AvailablePeopleViewModel.swift */; };
/* End PBXBuildFile section */

/* Begin PBXContainerItemProxy section */
		1E3332052B2A334800666400 /* PBXContainerItemProxy */ = {
			isa = PBXContainerItemProxy;
			containerPortal = 1E3331E62B2A334400666400 /* Project object */;
			proxyType = 1;
			remoteGlobalIDString = 1E3331ED2B2A334400666400;
			remoteInfo = SharedFlix;
		};
		1E33320F2B2A334800666400 /* PBXContainerItemProxy */ = {
			isa = PBXContainerItemProxy;
			containerPortal = 1E3331E62B2A334400666400 /* Project object */;
			proxyType = 1;
			remoteGlobalIDString = 1E3331ED2B2A334400666400;
			remoteInfo = SharedFlix;
		};
/* End PBXContainerItemProxy section */

/* Begin PBXFileReference section */
		1E3331EE2B2A334400666400 /* SharedFlix.app */ = {isa = PBXFileReference; explicitFileType = wrapper.application; includeInIndex = 0; path = SharedFlix.app; sourceTree = BUILT_PRODUCTS_DIR; };
		1E3331F12B2A334400666400 /* SharedFlixApp.swift */ = {isa = PBXFileReference; lastKnownFileType = sourcecode.swift; path = SharedFlixApp.swift; sourceTree = "<group>"; };
		1E3331F62B2A334500666400 /* SharedFlix.xcdatamodel */ = {isa = PBXFileReference; lastKnownFileType = wrapper.xcdatamodel; path = SharedFlix.xcdatamodel; sourceTree = "<group>"; };
		1E3331FA2B2A334700666400 /* Assets.xcassets */ = {isa = PBXFileReference; lastKnownFileType = folder.assetcatalog; path = Assets.xcassets; sourceTree = "<group>"; };
		1E3332042B2A334800666400 /* SharedFlixTests.xctest */ = {isa = PBXFileReference; explicitFileType = wrapper.cfbundle; includeInIndex = 0; path = SharedFlixTests.xctest; sourceTree = BUILT_PRODUCTS_DIR; };
		1E3332082B2A334800666400 /* SharedFlixTests.swift */ = {isa = PBXFileReference; lastKnownFileType = sourcecode.swift; path = SharedFlixTests.swift; sourceTree = "<group>"; };
		1E33320E2B2A334800666400 /* SharedFlixUITests.xctest */ = {isa = PBXFileReference; explicitFileType = wrapper.cfbundle; includeInIndex = 0; path = SharedFlixUITests.xctest; sourceTree = BUILT_PRODUCTS_DIR; };
		1E3332122B2A334800666400 /* SharedFlixUITests.swift */ = {isa = PBXFileReference; lastKnownFileType = sourcecode.swift; path = SharedFlixUITests.swift; sourceTree = "<group>"; };
		1E3332142B2A334800666400 /* SharedFlixUITestsLaunchTests.swift */ = {isa = PBXFileReference; lastKnownFileType = sourcecode.swift; path = SharedFlixUITestsLaunchTests.swift; sourceTree = "<group>"; };
		1E709A922B2A36FE00D6EC5E /* SharedFlix.entitlements */ = {isa = PBXFileReference; fileEncoding = 4; lastKnownFileType = text.plist.entitlements; path = SharedFlix.entitlements; sourceTree = "<group>"; };
		1E709A952B2A3A0F00D6EC5E /* PersonMO.swift */ = {isa = PBXFileReference; lastKnownFileType = sourcecode.swift; path = PersonMO.swift; sourceTree = "<group>"; };
		1E709A992B2A3DDA00D6EC5E /* ParticipantMO.swift */ = {isa = PBXFileReference; lastKnownFileType = sourcecode.swift; path = ParticipantMO.swift; sourceTree = "<group>"; };
		1E709A9B2B2A3E0300D6EC5E /* BillMO.swift */ = {isa = PBXFileReference; lastKnownFileType = sourcecode.swift; path = BillMO.swift; sourceTree = "<group>"; };
		1E709A9D2B2A3E2400D6EC5E /* LogMO.swift */ = {isa = PBXFileReference; lastKnownFileType = sourcecode.swift; path = LogMO.swift; sourceTree = "<group>"; };
		1E709AA02B2A409300D6EC5E /* CycleType.swift */ = {isa = PBXFileReference; lastKnownFileType = sourcecode.swift; path = CycleType.swift; sourceTree = "<group>"; };
		1E709AA52B2A84AF00D6EC5E /* HomePageView.swift */ = {isa = PBXFileReference; lastKnownFileType = sourcecode.swift; path = HomePageView.swift; sourceTree = "<group>"; };
		1E709AA82B2A866600D6EC5E /* BillModel.swift */ = {isa = PBXFileReference; lastKnownFileType = sourcecode.swift; path = BillModel.swift; sourceTree = "<group>"; };
		1E709AAA2B2B07F400D6EC5E /* ParticipantModel.swift */ = {isa = PBXFileReference; lastKnownFileType = sourcecode.swift; path = ParticipantModel.swift; sourceTree = "<group>"; };
		1E709AAC2B2B082400D6EC5E /* PersonModel.swift */ = {isa = PBXFileReference; lastKnownFileType = sourcecode.swift; path = PersonModel.swift; sourceTree = "<group>"; };
		1E709AAE2B2B084F00D6EC5E /* LogModel.swift */ = {isa = PBXFileReference; lastKnownFileType = sourcecode.swift; path = LogModel.swift; sourceTree = "<group>"; };
		1E709AB22B2B0A4500D6EC5E /* Theme.swift */ = {isa = PBXFileReference; lastKnownFileType = sourcecode.swift; path = Theme.swift; sourceTree = "<group>"; };
		1E709AB52B2B0A6500D6EC5E /* Theme+Color.swift */ = {isa = PBXFileReference; lastKnownFileType = sourcecode.swift; path = "Theme+Color.swift"; sourceTree = "<group>"; };
		1E709AB72B2B0CED00D6EC5E /* Theme+GeomanistFont.swift */ = {isa = PBXFileReference; lastKnownFileType = sourcecode.swift; path = "Theme+GeomanistFont.swift"; sourceTree = "<group>"; };
		1E709ABA2B2B0D3300D6EC5E /* FontLoader.swift */ = {isa = PBXFileReference; lastKnownFileType = sourcecode.swift; path = FontLoader.swift; sourceTree = "<group>"; };
		1E709ABD2B2B0E2600D6EC5E /* Geomanist-Medium.otf */ = {isa = PBXFileReference; lastKnownFileType = file; path = "Geomanist-Medium.otf"; sourceTree = "<group>"; };
		1E709ABE2B2B0E2600D6EC5E /* Geomanist-MediumItalic.otf */ = {isa = PBXFileReference; lastKnownFileType = file; path = "Geomanist-MediumItalic.otf"; sourceTree = "<group>"; };
		1E709ABF2B2B0E2600D6EC5E /* Geomanist-Book.otf */ = {isa = PBXFileReference; lastKnownFileType = file; path = "Geomanist-Book.otf"; sourceTree = "<group>"; };
		1E709AC02B2B0E2600D6EC5E /* Geomanist-BookItalic.otf */ = {isa = PBXFileReference; lastKnownFileType = file; path = "Geomanist-BookItalic.otf"; sourceTree = "<group>"; };
		1E709AC62B2B0E9600D6EC5E /* Text+Geomanist.swift */ = {isa = PBXFileReference; lastKnownFileType = sourcecode.swift; path = "Text+Geomanist.swift"; sourceTree = "<group>"; };
		1E709AC82B2B10A800D6EC5E /* View+Padding.swift */ = {isa = PBXFileReference; lastKnownFileType = sourcecode.swift; path = "View+Padding.swift"; sourceTree = "<group>"; };
		1E709ACA2B2B11B500D6EC5E /* View+Frame.swift */ = {isa = PBXFileReference; lastKnownFileType = sourcecode.swift; path = "View+Frame.swift"; sourceTree = "<group>"; };
		1E709ACC2B2B137600D6EC5E /* SystemDateTime.swift */ = {isa = PBXFileReference; lastKnownFileType = sourcecode.swift; path = SystemDateTime.swift; sourceTree = "<group>"; };
		1E709AD22B2B149F00D6EC5E /* SystemDateTimeType.swift */ = {isa = PBXFileReference; lastKnownFileType = sourcecode.swift; path = SystemDateTimeType.swift; sourceTree = "<group>"; };
		1E709AD42B2B14D800D6EC5E /* SystemClockType.swift */ = {isa = PBXFileReference; lastKnownFileType = sourcecode.swift; path = SystemClockType.swift; sourceTree = "<group>"; };
		1E709AD62B2B152100D6EC5E /* SystemClock.swift */ = {isa = PBXFileReference; lastKnownFileType = sourcecode.swift; path = SystemClock.swift; sourceTree = "<group>"; };
		1E709AD82B2B173500D6EC5E /* Date+Helpers.swift */ = {isa = PBXFileReference; lastKnownFileType = sourcecode.swift; path = "Date+Helpers.swift"; sourceTree = "<group>"; };
		1E709ADB2B2B1D4300D6EC5E /* BillViewModel.swift */ = {isa = PBXFileReference; lastKnownFileType = sourcecode.swift; path = BillViewModel.swift; sourceTree = "<group>"; };
		1E709AE02B2B254800D6EC5E /* HomePageViewModel.swift */ = {isa = PBXFileReference; lastKnownFileType = sourcecode.swift; path = HomePageViewModel.swift; sourceTree = "<group>"; };
		1E709AE42B2B2C4500D6EC5E /* Persistence.swift */ = {isa = PBXFileReference; lastKnownFileType = sourcecode.swift; path = Persistence.swift; sourceTree = "<group>"; };
		1E709AE62B2B3A1000D6EC5E /* Theme+Preview.swift */ = {isa = PBXFileReference; lastKnownFileType = sourcecode.swift; path = "Theme+Preview.swift"; sourceTree = "<group>"; };
		1E709AE82B2B6A1300D6EC5E /* FloatingButtonView.swift */ = {isa = PBXFileReference; lastKnownFileType = sourcecode.swift; path = FloatingButtonView.swift; sourceTree = "<group>"; };
		1E709AEA2B2B761F00D6EC5E /* TextField+Geomanist.swift */ = {isa = PBXFileReference; lastKnownFileType = sourcecode.swift; path = "TextField+Geomanist.swift"; sourceTree = "<group>"; };
		1E709AEE2B2BE02400D6EC5E /* View+Combine.swift */ = {isa = PBXFileReference; lastKnownFileType = sourcecode.swift; path = "View+Combine.swift"; sourceTree = "<group>"; };
		1E709AF02B2BE77500D6EC5E /* View+Shake.swift */ = {isa = PBXFileReference; lastKnownFileType = sourcecode.swift; path = "View+Shake.swift"; sourceTree = "<group>"; };
		1E709AF22B2C611400D6EC5E /* CreateBillView.swift */ = {isa = PBXFileReference; lastKnownFileType = sourcecode.swift; path = CreateBillView.swift; sourceTree = "<group>"; };
		1E709AF42B2C67C100D6EC5E /* BillView.swift */ = {isa = PBXFileReference; lastKnownFileType = sourcecode.swift; path = BillView.swift; sourceTree = "<group>"; };
		1E709AF62B2C6D4400D6EC5E /* Shape.swift */ = {isa = PBXFileReference; lastKnownFileType = sourcecode.swift; path = Shape.swift; sourceTree = "<group>"; };
		1E709AF82B304F1600D6EC5E /* Views.swift */ = {isa = PBXFileReference; lastKnownFileType = sourcecode.swift; path = Views.swift; sourceTree = "<group>"; };
		1E709AFA2B304F7D00D6EC5E /* InputFormView.swift */ = {isa = PBXFileReference; lastKnownFileType = sourcecode.swift; path = InputFormView.swift; sourceTree = "<group>"; };
		1E709AFC2B304FF900D6EC5E /* InputFormViewModel.swift */ = {isa = PBXFileReference; lastKnownFileType = sourcecode.swift; path = InputFormViewModel.swift; sourceTree = "<group>"; };
		1E709AFE2B30501300D6EC5E /* CreateBillViewModel.swift */ = {isa = PBXFileReference; lastKnownFileType = sourcecode.swift; path = CreateBillViewModel.swift; sourceTree = "<group>"; };
		1E709B022B30597D00D6EC5E /* AvailablePeopleView.swift */ = {isa = PBXFileReference; lastKnownFileType = sourcecode.swift; path = AvailablePeopleView.swift; sourceTree = "<group>"; };
		1E709B042B305B0100D6EC5E /* AvailablePeopleViewModel.swift */ = {isa = PBXFileReference; lastKnownFileType = sourcecode.swift; path = AvailablePeopleViewModel.swift; sourceTree = "<group>"; };
/* End PBXFileReference section */

/* Begin PBXFrameworksBuildPhase section */
		1E3331EB2B2A334400666400 /* Frameworks */ = {
			isa = PBXFrameworksBuildPhase;
			buildActionMask = 2147483647;
			files = (
				1E709AD02B2B145400D6EC5E /* SwiftDate in Frameworks */,
			);
			runOnlyForDeploymentPostprocessing = 0;
		};
		1E3332012B2A334800666400 /* Frameworks */ = {
			isa = PBXFrameworksBuildPhase;
			buildActionMask = 2147483647;
			files = (
			);
			runOnlyForDeploymentPostprocessing = 0;
		};
		1E33320B2B2A334800666400 /* Frameworks */ = {
			isa = PBXFrameworksBuildPhase;
			buildActionMask = 2147483647;
			files = (
			);
			runOnlyForDeploymentPostprocessing = 0;
		};
/* End PBXFrameworksBuildPhase section */

/* Begin PBXGroup section */
		1E3331E52B2A334400666400 = {
			isa = PBXGroup;
			children = (
				1E3331F02B2A334400666400 /* SharedFlix */,
				1E3332072B2A334800666400 /* SharedFlixTests */,
				1E3332112B2A334800666400 /* SharedFlixUITests */,
				1E3331EF2B2A334400666400 /* Products */,
			);
			sourceTree = "<group>";
		};
		1E3331EF2B2A334400666400 /* Products */ = {
			isa = PBXGroup;
			children = (
				1E3331EE2B2A334400666400 /* SharedFlix.app */,
				1E3332042B2A334800666400 /* SharedFlixTests.xctest */,
				1E33320E2B2A334800666400 /* SharedFlixUITests.xctest */,
			);
			name = Products;
			sourceTree = "<group>";
		};
		1E3331F02B2A334400666400 /* SharedFlix */ = {
			isa = PBXGroup;
			children = (
				1E709A922B2A36FE00D6EC5E /* SharedFlix.entitlements */,
				1E709A8D2B2A354100D6EC5E /* Resourses */,
				1E709A912B2A35BA00D6EC5E /* Code */,
			);
			path = SharedFlix;
			sourceTree = "<group>";
		};
		1E3332072B2A334800666400 /* SharedFlixTests */ = {
			isa = PBXGroup;
			children = (
				1E3332082B2A334800666400 /* SharedFlixTests.swift */,
			);
			path = SharedFlixTests;
			sourceTree = "<group>";
		};
		1E3332112B2A334800666400 /* SharedFlixUITests */ = {
			isa = PBXGroup;
			children = (
				1E3332122B2A334800666400 /* SharedFlixUITests.swift */,
				1E3332142B2A334800666400 /* SharedFlixUITestsLaunchTests.swift */,
			);
			path = SharedFlixUITests;
			sourceTree = "<group>";
		};
		1E709A8D2B2A354100D6EC5E /* Resourses */ = {
			isa = PBXGroup;
			children = (
				1E709ABC2B2B0E0500D6EC5E /* Fonts */,
				1E709A8F2B2A359A00D6EC5E /* Assets */,
				1E709A902B2A35A500D6EC5E /* CoreData */,
			);
			path = Resourses;
			sourceTree = "<group>";
		};
		1E709A8F2B2A359A00D6EC5E /* Assets */ = {
			isa = PBXGroup;
			children = (
				1E3331FA2B2A334700666400 /* Assets.xcassets */,
			);
			path = Assets;
			sourceTree = "<group>";
		};
		1E709A902B2A35A500D6EC5E /* CoreData */ = {
			isa = PBXGroup;
			children = (
				1E3331F52B2A334500666400 /* SharedFlix.xcdatamodeld */,
			);
			path = CoreData;
			sourceTree = "<group>";
		};
		1E709A912B2A35BA00D6EC5E /* Code */ = {
			isa = PBXGroup;
			children = (
				1E709AB92B2B0D2900D6EC5E /* Helpers */,
				1E709A932B2A39E100D6EC5E /* Data */,
				1E709AA22B2A848C00D6EC5E /* UI */,
				1E3331F12B2A334400666400 /* SharedFlixApp.swift */,
			);
			path = Code;
			sourceTree = "<group>";
		};
		1E709A932B2A39E100D6EC5E /* Data */ = {
			isa = PBXGroup;
			children = (
				1E709A9F2B2A408900D6EC5E /* Enum */,
				1E709AA72B2A865500D6EC5E /* DataModel */,
				1E709A942B2A39EA00D6EC5E /* CoreData */,
			);
			path = Data;
			sourceTree = "<group>";
		};
		1E709A942B2A39EA00D6EC5E /* CoreData */ = {
			isa = PBXGroup;
			children = (
				1E709ADD2B2B213A00D6EC5E /* Entities */,
				1E709AE42B2B2C4500D6EC5E /* Persistence.swift */,
			);
			path = CoreData;
			sourceTree = "<group>";
		};
		1E709A9F2B2A408900D6EC5E /* Enum */ = {
			isa = PBXGroup;
			children = (
				1E709AA02B2A409300D6EC5E /* CycleType.swift */,
			);
			path = Enum;
			sourceTree = "<group>";
		};
		1E709AA22B2A848C00D6EC5E /* UI */ = {
			isa = PBXGroup;
			children = (
				1E709AB02B2B0A1E00D6EC5E /* Theme */,
				1E709ADA2B2B1D1B00D6EC5E /* ViewModel */,
				1E709AB12B2B0A3200D6EC5E /* View */,
			);
			path = UI;
			sourceTree = "<group>";
		};
		1E709AA72B2A865500D6EC5E /* DataModel */ = {
			isa = PBXGroup;
			children = (
				1E709AA82B2A866600D6EC5E /* BillModel.swift */,
				1E709AAA2B2B07F400D6EC5E /* ParticipantModel.swift */,
				1E709AAC2B2B082400D6EC5E /* PersonModel.swift */,
				1E709AAE2B2B084F00D6EC5E /* LogModel.swift */,
			);
			path = DataModel;
			sourceTree = "<group>";
		};
		1E709AB02B2B0A1E00D6EC5E /* Theme */ = {
			isa = PBXGroup;
			children = (
				1E709AB22B2B0A4500D6EC5E /* Theme.swift */,
				1E709AB52B2B0A6500D6EC5E /* Theme+Color.swift */,
				1E709AB72B2B0CED00D6EC5E /* Theme+GeomanistFont.swift */,
				1E709AE62B2B3A1000D6EC5E /* Theme+Preview.swift */,
			);
			path = Theme;
			sourceTree = "<group>";
		};
		1E709AB12B2B0A3200D6EC5E /* View */ = {
			isa = PBXGroup;
			children = (
				1E709AA52B2A84AF00D6EC5E /* HomePageView.swift */,
				1E709AF42B2C67C100D6EC5E /* BillView.swift */,
				1E709AF22B2C611400D6EC5E /* CreateBillView.swift */,
				1E709B022B30597D00D6EC5E /* AvailablePeopleView.swift */,
				1E709AE82B2B6A1300D6EC5E /* FloatingButtonView.swift */,
				1E709AFA2B304F7D00D6EC5E /* InputFormView.swift */,
			);
			path = View;
			sourceTree = "<group>";
		};
		1E709AB92B2B0D2900D6EC5E /* Helpers */ = {
			isa = PBXGroup;
			children = (
				1E709AD12B2B148800D6EC5E /* SystemDateTime */,
				1E709AC52B2B0E7500D6EC5E /* SwiftUI */,
				1E709ABA2B2B0D3300D6EC5E /* FontLoader.swift */,
				1E709AD82B2B173500D6EC5E /* Date+Helpers.swift */,
			);
			path = Helpers;
			sourceTree = "<group>";
		};
		1E709ABC2B2B0E0500D6EC5E /* Fonts */ = {
			isa = PBXGroup;
			children = (
				1E709ABF2B2B0E2600D6EC5E /* Geomanist-Book.otf */,
				1E709AC02B2B0E2600D6EC5E /* Geomanist-BookItalic.otf */,
				1E709ABD2B2B0E2600D6EC5E /* Geomanist-Medium.otf */,
				1E709ABE2B2B0E2600D6EC5E /* Geomanist-MediumItalic.otf */,
			);
			path = Fonts;
			sourceTree = "<group>";
		};
		1E709AC52B2B0E7500D6EC5E /* SwiftUI */ = {
			isa = PBXGroup;
			children = (
				1E709AF82B304F1600D6EC5E /* Views.swift */,
				1E709AEA2B2B761F00D6EC5E /* TextField+Geomanist.swift */,
				1E709AC62B2B0E9600D6EC5E /* Text+Geomanist.swift */,
				1E709AC82B2B10A800D6EC5E /* View+Padding.swift */,
				1E709ACA2B2B11B500D6EC5E /* View+Frame.swift */,
				1E709AEE2B2BE02400D6EC5E /* View+Combine.swift */,
				1E709AF02B2BE77500D6EC5E /* View+Shake.swift */,
				1E709AF62B2C6D4400D6EC5E /* Shape.swift */,
			);
			path = SwiftUI;
			sourceTree = "<group>";
		};
		1E709AD12B2B148800D6EC5E /* SystemDateTime */ = {
			isa = PBXGroup;
			children = (
				1E709AD22B2B149F00D6EC5E /* SystemDateTimeType.swift */,
				1E709AD42B2B14D800D6EC5E /* SystemClockType.swift */,
				1E709ACC2B2B137600D6EC5E /* SystemDateTime.swift */,
				1E709AD62B2B152100D6EC5E /* SystemClock.swift */,
			);
			path = SystemDateTime;
			sourceTree = "<group>";
		};
		1E709ADA2B2B1D1B00D6EC5E /* ViewModel */ = {
			isa = PBXGroup;
			children = (
				1E709AE02B2B254800D6EC5E /* HomePageViewModel.swift */,
				1E709ADB2B2B1D4300D6EC5E /* BillViewModel.swift */,
				1E709AFE2B30501300D6EC5E /* CreateBillViewModel.swift */,
				1E709B042B305B0100D6EC5E /* AvailablePeopleViewModel.swift */,
				1E709AFC2B304FF900D6EC5E /* InputFormViewModel.swift */,
			);
			path = ViewModel;
			sourceTree = "<group>";
		};
		1E709ADD2B2B213A00D6EC5E /* Entities */ = {
			isa = PBXGroup;
			children = (
				1E709A9B2B2A3E0300D6EC5E /* BillMO.swift */,
				1E709A992B2A3DDA00D6EC5E /* ParticipantMO.swift */,
				1E709A952B2A3A0F00D6EC5E /* PersonMO.swift */,
				1E709A9D2B2A3E2400D6EC5E /* LogMO.swift */,
			);
			path = Entities;
			sourceTree = "<group>";
		};
/* End PBXGroup section */

/* Begin PBXNativeTarget section */
		1E3331ED2B2A334400666400 /* SharedFlix */ = {
			isa = PBXNativeTarget;
			buildConfigurationList = 1E3332182B2A334800666400 /* Build configuration list for PBXNativeTarget "SharedFlix" */;
			buildPhases = (
				1E3331EA2B2A334400666400 /* Sources */,
				1E3331EB2B2A334400666400 /* Frameworks */,
				1E3331EC2B2A334400666400 /* Resources */,
			);
			buildRules = (
			);
			dependencies = (
			);
			name = SharedFlix;
			packageProductDependencies = (
				1E709ACF2B2B145400D6EC5E /* SwiftDate */,
			);
			productName = SharedFlix;
			productReference = 1E3331EE2B2A334400666400 /* SharedFlix.app */;
			productType = "com.apple.product-type.application";
		};
		1E3332032B2A334800666400 /* SharedFlixTests */ = {
			isa = PBXNativeTarget;
			buildConfigurationList = 1E33321B2B2A334800666400 /* Build configuration list for PBXNativeTarget "SharedFlixTests" */;
			buildPhases = (
				1E3332002B2A334800666400 /* Sources */,
				1E3332012B2A334800666400 /* Frameworks */,
				1E3332022B2A334800666400 /* Resources */,
			);
			buildRules = (
			);
			dependencies = (
				1E3332062B2A334800666400 /* PBXTargetDependency */,
			);
			name = SharedFlixTests;
			productName = SharedFlixTests;
			productReference = 1E3332042B2A334800666400 /* SharedFlixTests.xctest */;
			productType = "com.apple.product-type.bundle.unit-test";
		};
		1E33320D2B2A334800666400 /* SharedFlixUITests */ = {
			isa = PBXNativeTarget;
			buildConfigurationList = 1E33321E2B2A334800666400 /* Build configuration list for PBXNativeTarget "SharedFlixUITests" */;
			buildPhases = (
				1E33320A2B2A334800666400 /* Sources */,
				1E33320B2B2A334800666400 /* Frameworks */,
				1E33320C2B2A334800666400 /* Resources */,
			);
			buildRules = (
			);
			dependencies = (
				1E3332102B2A334800666400 /* PBXTargetDependency */,
			);
			name = SharedFlixUITests;
			productName = SharedFlixUITests;
			productReference = 1E33320E2B2A334800666400 /* SharedFlixUITests.xctest */;
			productType = "com.apple.product-type.bundle.ui-testing";
		};
/* End PBXNativeTarget section */

/* Begin PBXProject section */
		1E3331E62B2A334400666400 /* Project object */ = {
			isa = PBXProject;
			attributes = {
				BuildIndependentTargetsInParallel = 1;
				LastSwiftUpdateCheck = 1510;
				LastUpgradeCheck = 1510;
				TargetAttributes = {
					1E3331ED2B2A334400666400 = {
						CreatedOnToolsVersion = 15.1;
					};
					1E3332032B2A334800666400 = {
						CreatedOnToolsVersion = 15.1;
						TestTargetID = 1E3331ED2B2A334400666400;
					};
					1E33320D2B2A334800666400 = {
						CreatedOnToolsVersion = 15.1;
						TestTargetID = 1E3331ED2B2A334400666400;
					};
				};
			};
			buildConfigurationList = 1E3331E92B2A334400666400 /* Build configuration list for PBXProject "SharedFlix" */;
			compatibilityVersion = "Xcode 14.0";
			developmentRegion = en;
			hasScannedForEncodings = 0;
			knownRegions = (
				en,
				Base,
			);
			mainGroup = 1E3331E52B2A334400666400;
			packageReferences = (
				1E709ACE2B2B145400D6EC5E /* XCRemoteSwiftPackageReference "SwiftDate" */,
			);
			productRefGroup = 1E3331EF2B2A334400666400 /* Products */;
			projectDirPath = "";
			projectRoot = "";
			targets = (
				1E3331ED2B2A334400666400 /* SharedFlix */,
				1E3332032B2A334800666400 /* SharedFlixTests */,
				1E33320D2B2A334800666400 /* SharedFlixUITests */,
			);
		};
/* End PBXProject section */

/* Begin PBXResourcesBuildPhase section */
		1E3331EC2B2A334400666400 /* Resources */ = {
			isa = PBXResourcesBuildPhase;
			buildActionMask = 2147483647;
			files = (
				1E709AC32B2B0E2600D6EC5E /* Geomanist-Book.otf in Resources */,
				1E709AC22B2B0E2600D6EC5E /* Geomanist-MediumItalic.otf in Resources */,
				1E709AC12B2B0E2600D6EC5E /* Geomanist-Medium.otf in Resources */,
				1E3331FB2B2A334700666400 /* Assets.xcassets in Resources */,
				1E709AC42B2B0E2600D6EC5E /* Geomanist-BookItalic.otf in Resources */,
			);
			runOnlyForDeploymentPostprocessing = 0;
		};
		1E3332022B2A334800666400 /* Resources */ = {
			isa = PBXResourcesBuildPhase;
			buildActionMask = 2147483647;
			files = (
			);
			runOnlyForDeploymentPostprocessing = 0;
		};
		1E33320C2B2A334800666400 /* Resources */ = {
			isa = PBXResourcesBuildPhase;
			buildActionMask = 2147483647;
			files = (
			);
			runOnlyForDeploymentPostprocessing = 0;
		};
/* End PBXResourcesBuildPhase section */

/* Begin PBXSourcesBuildPhase section */
		1E3331EA2B2A334400666400 /* Sources */ = {
			isa = PBXSourcesBuildPhase;
			buildActionMask = 2147483647;
			files = (
				1E709ACB2B2B11B500D6EC5E /* View+Frame.swift in Sources */,
				1E709AAD2B2B082400D6EC5E /* PersonModel.swift in Sources */,
				1E709AF32B2C611400D6EC5E /* CreateBillView.swift in Sources */,
				1E709AF52B2C67C100D6EC5E /* BillView.swift in Sources */,
				1E709AAB2B2B07F400D6EC5E /* ParticipantModel.swift in Sources */,
				1E709ADC2B2B1D4300D6EC5E /* BillViewModel.swift in Sources */,
				1E709B032B30597D00D6EC5E /* AvailablePeopleView.swift in Sources */,
				1E709AE12B2B254800D6EC5E /* HomePageViewModel.swift in Sources */,
				1E709B052B305B0100D6EC5E /* AvailablePeopleViewModel.swift in Sources */,
				1E709AEB2B2B761F00D6EC5E /* TextField+Geomanist.swift in Sources */,
				1E709AF92B304F1600D6EC5E /* Views.swift in Sources */,
				1E709AC72B2B0E9600D6EC5E /* Text+Geomanist.swift in Sources */,
				1E709AA12B2A409300D6EC5E /* CycleType.swift in Sources */,
				1E709AF72B2C6D4400D6EC5E /* Shape.swift in Sources */,
				1E709ABB2B2B0D3300D6EC5E /* FontLoader.swift in Sources */,
				1E709AB82B2B0CED00D6EC5E /* Theme+GeomanistFont.swift in Sources */,
				1E709AA92B2A866600D6EC5E /* BillModel.swift in Sources */,
				1E709AE92B2B6A1300D6EC5E /* FloatingButtonView.swift in Sources */,
				1E709AD32B2B149F00D6EC5E /* SystemDateTimeType.swift in Sources */,
				1E3331F72B2A334500666400 /* SharedFlix.xcdatamodeld in Sources */,
				1E709A9A2B2A3DDA00D6EC5E /* ParticipantMO.swift in Sources */,
				1E709AFB2B304F7D00D6EC5E /* InputFormView.swift in Sources */,
				1E3331F22B2A334400666400 /* SharedFlixApp.swift in Sources */,
				1E709A962B2A3A0F00D6EC5E /* PersonMO.swift in Sources */,
				1E709A9C2B2A3E0300D6EC5E /* BillMO.swift in Sources */,
				1E709AE52B2B2C4500D6EC5E /* Persistence.swift in Sources */,
				1E709AB62B2B0A6500D6EC5E /* Theme+Color.swift in Sources */,
				1E709ACD2B2B137600D6EC5E /* SystemDateTime.swift in Sources */,
				1E709AA62B2A84AF00D6EC5E /* HomePageView.swift in Sources */,
				1E709AE72B2B3A1000D6EC5E /* Theme+Preview.swift in Sources */,
				1E709A9E2B2A3E2400D6EC5E /* LogMO.swift in Sources */,
				1E709AD52B2B14D800D6EC5E /* SystemClockType.swift in Sources */,
				1E709AEF2B2BE02400D6EC5E /* View+Combine.swift in Sources */,
				1E709AAF2B2B084F00D6EC5E /* LogModel.swift in Sources */,
				1E709AD72B2B152100D6EC5E /* SystemClock.swift in Sources */,
				1E709AFF2B30501300D6EC5E /* CreateBillViewModel.swift in Sources */,
				1E709AFD2B304FF900D6EC5E /* InputFormViewModel.swift in Sources */,
				1E709AC92B2B10A800D6EC5E /* View+Padding.swift in Sources */,
				1E709AF12B2BE77500D6EC5E /* View+Shake.swift in Sources */,
				1E709AB32B2B0A4500D6EC5E /* Theme.swift in Sources */,
				1E709AD92B2B173500D6EC5E /* Date+Helpers.swift in Sources */,
			);
			runOnlyForDeploymentPostprocessing = 0;
		};
		1E3332002B2A334800666400 /* Sources */ = {
			isa = PBXSourcesBuildPhase;
			buildActionMask = 2147483647;
			files = (
				1E3332092B2A334800666400 /* SharedFlixTests.swift in Sources */,
			);
			runOnlyForDeploymentPostprocessing = 0;
		};
		1E33320A2B2A334800666400 /* Sources */ = {
			isa = PBXSourcesBuildPhase;
			buildActionMask = 2147483647;
			files = (
				1E3332152B2A334800666400 /* SharedFlixUITestsLaunchTests.swift in Sources */,
				1E3332132B2A334800666400 /* SharedFlixUITests.swift in Sources */,
			);
			runOnlyForDeploymentPostprocessing = 0;
		};
/* End PBXSourcesBuildPhase section */

/* Begin PBXTargetDependency section */
		1E3332062B2A334800666400 /* PBXTargetDependency */ = {
			isa = PBXTargetDependency;
			target = 1E3331ED2B2A334400666400 /* SharedFlix */;
			targetProxy = 1E3332052B2A334800666400 /* PBXContainerItemProxy */;
		};
		1E3332102B2A334800666400 /* PBXTargetDependency */ = {
			isa = PBXTargetDependency;
			target = 1E3331ED2B2A334400666400 /* SharedFlix */;
			targetProxy = 1E33320F2B2A334800666400 /* PBXContainerItemProxy */;
		};
/* End PBXTargetDependency section */

/* Begin XCBuildConfiguration section */
		1E3332162B2A334800666400 /* Debug */ = {
			isa = XCBuildConfiguration;
			buildSettings = {
				ALWAYS_SEARCH_USER_PATHS = NO;
				ASSETCATALOG_COMPILER_GENERATE_SWIFT_ASSET_SYMBOL_EXTENSIONS = YES;
				CLANG_ANALYZER_NONNULL = YES;
				CLANG_ANALYZER_NUMBER_OBJECT_CONVERSION = YES_AGGRESSIVE;
				CLANG_CXX_LANGUAGE_STANDARD = "gnu++20";
				CLANG_ENABLE_MODULES = YES;
				CLANG_ENABLE_OBJC_ARC = YES;
				CLANG_ENABLE_OBJC_WEAK = YES;
				CLANG_WARN_BLOCK_CAPTURE_AUTORELEASING = YES;
				CLANG_WARN_BOOL_CONVERSION = YES;
				CLANG_WARN_COMMA = YES;
				CLANG_WARN_CONSTANT_CONVERSION = YES;
				CLANG_WARN_DEPRECATED_OBJC_IMPLEMENTATIONS = YES;
				CLANG_WARN_DIRECT_OBJC_ISA_USAGE = YES_ERROR;
				CLANG_WARN_DOCUMENTATION_COMMENTS = YES;
				CLANG_WARN_EMPTY_BODY = YES;
				CLANG_WARN_ENUM_CONVERSION = YES;
				CLANG_WARN_INFINITE_RECURSION = YES;
				CLANG_WARN_INT_CONVERSION = YES;
				CLANG_WARN_NON_LITERAL_NULL_CONVERSION = YES;
				CLANG_WARN_OBJC_IMPLICIT_RETAIN_SELF = YES;
				CLANG_WARN_OBJC_LITERAL_CONVERSION = YES;
				CLANG_WARN_OBJC_ROOT_CLASS = YES_ERROR;
				CLANG_WARN_QUOTED_INCLUDE_IN_FRAMEWORK_HEADER = YES;
				CLANG_WARN_RANGE_LOOP_ANALYSIS = YES;
				CLANG_WARN_STRICT_PROTOTYPES = YES;
				CLANG_WARN_SUSPICIOUS_MOVE = YES;
				CLANG_WARN_UNGUARDED_AVAILABILITY = YES_AGGRESSIVE;
				CLANG_WARN_UNREACHABLE_CODE = YES;
				CLANG_WARN__DUPLICATE_METHOD_MATCH = YES;
				COPY_PHASE_STRIP = NO;
				DEBUG_INFORMATION_FORMAT = dwarf;
				ENABLE_STRICT_OBJC_MSGSEND = YES;
				ENABLE_TESTABILITY = YES;
				ENABLE_USER_SCRIPT_SANDBOXING = YES;
				GCC_C_LANGUAGE_STANDARD = gnu17;
				GCC_DYNAMIC_NO_PIC = NO;
				GCC_NO_COMMON_BLOCKS = YES;
				GCC_OPTIMIZATION_LEVEL = 0;
				GCC_PREPROCESSOR_DEFINITIONS = (
					"DEBUG=1",
					"$(inherited)",
				);
				GCC_WARN_64_TO_32_BIT_CONVERSION = YES;
				GCC_WARN_ABOUT_RETURN_TYPE = YES_ERROR;
				GCC_WARN_UNDECLARED_SELECTOR = YES;
				GCC_WARN_UNINITIALIZED_AUTOS = YES_AGGRESSIVE;
				GCC_WARN_UNUSED_FUNCTION = YES;
				GCC_WARN_UNUSED_VARIABLE = YES;
				LOCALIZATION_PREFERS_STRING_CATALOGS = YES;
				MTL_ENABLE_DEBUG_INFO = INCLUDE_SOURCE;
				MTL_FAST_MATH = YES;
				ONLY_ACTIVE_ARCH = YES;
				SWIFT_ACTIVE_COMPILATION_CONDITIONS = "DEBUG $(inherited)";
				SWIFT_OPTIMIZATION_LEVEL = "-Onone";
			};
			name = Debug;
		};
		1E3332172B2A334800666400 /* Release */ = {
			isa = XCBuildConfiguration;
			buildSettings = {
				ALWAYS_SEARCH_USER_PATHS = NO;
				ASSETCATALOG_COMPILER_GENERATE_SWIFT_ASSET_SYMBOL_EXTENSIONS = YES;
				CLANG_ANALYZER_NONNULL = YES;
				CLANG_ANALYZER_NUMBER_OBJECT_CONVERSION = YES_AGGRESSIVE;
				CLANG_CXX_LANGUAGE_STANDARD = "gnu++20";
				CLANG_ENABLE_MODULES = YES;
				CLANG_ENABLE_OBJC_ARC = YES;
				CLANG_ENABLE_OBJC_WEAK = YES;
				CLANG_WARN_BLOCK_CAPTURE_AUTORELEASING = YES;
				CLANG_WARN_BOOL_CONVERSION = YES;
				CLANG_WARN_COMMA = YES;
				CLANG_WARN_CONSTANT_CONVERSION = YES;
				CLANG_WARN_DEPRECATED_OBJC_IMPLEMENTATIONS = YES;
				CLANG_WARN_DIRECT_OBJC_ISA_USAGE = YES_ERROR;
				CLANG_WARN_DOCUMENTATION_COMMENTS = YES;
				CLANG_WARN_EMPTY_BODY = YES;
				CLANG_WARN_ENUM_CONVERSION = YES;
				CLANG_WARN_INFINITE_RECURSION = YES;
				CLANG_WARN_INT_CONVERSION = YES;
				CLANG_WARN_NON_LITERAL_NULL_CONVERSION = YES;
				CLANG_WARN_OBJC_IMPLICIT_RETAIN_SELF = YES;
				CLANG_WARN_OBJC_LITERAL_CONVERSION = YES;
				CLANG_WARN_OBJC_ROOT_CLASS = YES_ERROR;
				CLANG_WARN_QUOTED_INCLUDE_IN_FRAMEWORK_HEADER = YES;
				CLANG_WARN_RANGE_LOOP_ANALYSIS = YES;
				CLANG_WARN_STRICT_PROTOTYPES = YES;
				CLANG_WARN_SUSPICIOUS_MOVE = YES;
				CLANG_WARN_UNGUARDED_AVAILABILITY = YES_AGGRESSIVE;
				CLANG_WARN_UNREACHABLE_CODE = YES;
				CLANG_WARN__DUPLICATE_METHOD_MATCH = YES;
				COPY_PHASE_STRIP = NO;
				DEBUG_INFORMATION_FORMAT = "dwarf-with-dsym";
				ENABLE_NS_ASSERTIONS = NO;
				ENABLE_STRICT_OBJC_MSGSEND = YES;
				ENABLE_USER_SCRIPT_SANDBOXING = YES;
				GCC_C_LANGUAGE_STANDARD = gnu17;
				GCC_NO_COMMON_BLOCKS = YES;
				GCC_WARN_64_TO_32_BIT_CONVERSION = YES;
				GCC_WARN_ABOUT_RETURN_TYPE = YES_ERROR;
				GCC_WARN_UNDECLARED_SELECTOR = YES;
				GCC_WARN_UNINITIALIZED_AUTOS = YES_AGGRESSIVE;
				GCC_WARN_UNUSED_FUNCTION = YES;
				GCC_WARN_UNUSED_VARIABLE = YES;
				LOCALIZATION_PREFERS_STRING_CATALOGS = YES;
				MTL_ENABLE_DEBUG_INFO = NO;
				MTL_FAST_MATH = YES;
				SWIFT_COMPILATION_MODE = wholemodule;
			};
			name = Release;
		};
		1E3332192B2A334800666400 /* Debug */ = {
			isa = XCBuildConfiguration;
			buildSettings = {
				ASSETCATALOG_COMPILER_APPICON_NAME = AppIcon;
				ASSETCATALOG_COMPILER_GLOBAL_ACCENT_COLOR_NAME = AccentColor;
				CODE_SIGN_ENTITLEMENTS = SharedFlix/SharedFlix.entitlements;
				CODE_SIGN_STYLE = Automatic;
				CURRENT_PROJECT_VERSION = 1;
				DEVELOPMENT_ASSET_PATHS = "";
				ENABLE_PREVIEWS = YES;
				GENERATE_INFOPLIST_FILE = YES;
				"INFOPLIST_KEY_UIApplicationSceneManifest_Generation[sdk=iphoneos*]" = YES;
				"INFOPLIST_KEY_UIApplicationSceneManifest_Generation[sdk=iphonesimulator*]" = YES;
				"INFOPLIST_KEY_UIApplicationSupportsIndirectInputEvents[sdk=iphoneos*]" = YES;
				"INFOPLIST_KEY_UIApplicationSupportsIndirectInputEvents[sdk=iphonesimulator*]" = YES;
				"INFOPLIST_KEY_UILaunchScreen_Generation[sdk=iphoneos*]" = YES;
				"INFOPLIST_KEY_UILaunchScreen_Generation[sdk=iphonesimulator*]" = YES;
				"INFOPLIST_KEY_UIStatusBarStyle[sdk=iphoneos*]" = UIStatusBarStyleDefault;
				"INFOPLIST_KEY_UIStatusBarStyle[sdk=iphonesimulator*]" = UIStatusBarStyleDefault;
				INFOPLIST_KEY_UISupportedInterfaceOrientations_iPad = "UIInterfaceOrientationPortrait UIInterfaceOrientationPortraitUpsideDown UIInterfaceOrientationLandscapeLeft UIInterfaceOrientationLandscapeRight";
				INFOPLIST_KEY_UISupportedInterfaceOrientations_iPhone = "UIInterfaceOrientationPortrait UIInterfaceOrientationLandscapeLeft UIInterfaceOrientationLandscapeRight";
				IPHONEOS_DEPLOYMENT_TARGET = 17.0;
				LD_RUNPATH_SEARCH_PATHS = "@executable_path/Frameworks";
				"LD_RUNPATH_SEARCH_PATHS[sdk=macosx*]" = "@executable_path/../Frameworks";
				MACOSX_DEPLOYMENT_TARGET = 13.5;
				MARKETING_VERSION = 1.0;
				PRODUCT_BUNDLE_IDENTIFIER = Moguizan.SharedFlix;
				PRODUCT_NAME = "$(TARGET_NAME)";
				SDKROOT = auto;
				SUPPORTED_PLATFORMS = "iphoneos iphonesimulator";
				SUPPORTS_MACCATALYST = NO;
				SWIFT_EMIT_LOC_STRINGS = YES;
				SWIFT_VERSION = 5.0;
				TARGETED_DEVICE_FAMILY = "1,2";
			};
			name = Debug;
		};
		1E33321A2B2A334800666400 /* Release */ = {
			isa = XCBuildConfiguration;
			buildSettings = {
				ASSETCATALOG_COMPILER_APPICON_NAME = AppIcon;
				ASSETCATALOG_COMPILER_GLOBAL_ACCENT_COLOR_NAME = AccentColor;
				CODE_SIGN_ENTITLEMENTS = SharedFlix/SharedFlix.entitlements;
				CODE_SIGN_STYLE = Automatic;
				CURRENT_PROJECT_VERSION = 1;
				DEVELOPMENT_ASSET_PATHS = "";
				ENABLE_PREVIEWS = YES;
				GENERATE_INFOPLIST_FILE = YES;
				"INFOPLIST_KEY_UIApplicationSceneManifest_Generation[sdk=iphoneos*]" = YES;
				"INFOPLIST_KEY_UIApplicationSceneManifest_Generation[sdk=iphonesimulator*]" = YES;
				"INFOPLIST_KEY_UIApplicationSupportsIndirectInputEvents[sdk=iphoneos*]" = YES;
				"INFOPLIST_KEY_UIApplicationSupportsIndirectInputEvents[sdk=iphonesimulator*]" = YES;
				"INFOPLIST_KEY_UILaunchScreen_Generation[sdk=iphoneos*]" = YES;
				"INFOPLIST_KEY_UILaunchScreen_Generation[sdk=iphonesimulator*]" = YES;
				"INFOPLIST_KEY_UIStatusBarStyle[sdk=iphoneos*]" = UIStatusBarStyleDefault;
				"INFOPLIST_KEY_UIStatusBarStyle[sdk=iphonesimulator*]" = UIStatusBarStyleDefault;
				INFOPLIST_KEY_UISupportedInterfaceOrientations_iPad = "UIInterfaceOrientationPortrait UIInterfaceOrientationPortraitUpsideDown UIInterfaceOrientationLandscapeLeft UIInterfaceOrientationLandscapeRight";
				INFOPLIST_KEY_UISupportedInterfaceOrientations_iPhone = "UIInterfaceOrientationPortrait UIInterfaceOrientationLandscapeLeft UIInterfaceOrientationLandscapeRight";
				IPHONEOS_DEPLOYMENT_TARGET = 17.0;
				LD_RUNPATH_SEARCH_PATHS = "@executable_path/Frameworks";
				"LD_RUNPATH_SEARCH_PATHS[sdk=macosx*]" = "@executable_path/../Frameworks";
				MACOSX_DEPLOYMENT_TARGET = 13.5;
				MARKETING_VERSION = 1.0;
				PRODUCT_BUNDLE_IDENTIFIER = Moguizan.SharedFlix;
				PRODUCT_NAME = "$(TARGET_NAME)";
				SDKROOT = auto;
				SUPPORTED_PLATFORMS = "iphoneos iphonesimulator";
				SUPPORTS_MACCATALYST = NO;
				SWIFT_EMIT_LOC_STRINGS = YES;
				SWIFT_VERSION = 5.0;
				TARGETED_DEVICE_FAMILY = "1,2";
			};
			name = Release;
		};
		1E33321C2B2A334800666400 /* Debug */ = {
			isa = XCBuildConfiguration;
			buildSettings = {
				ALWAYS_EMBED_SWIFT_STANDARD_LIBRARIES = YES;
				BUNDLE_LOADER = "$(TEST_HOST)";
				CODE_SIGN_STYLE = Automatic;
				CURRENT_PROJECT_VERSION = 1;
				GENERATE_INFOPLIST_FILE = YES;
				IPHONEOS_DEPLOYMENT_TARGET = 17.0;
				MACOSX_DEPLOYMENT_TARGET = 13.5;
				MARKETING_VERSION = 1.0;
				PRODUCT_BUNDLE_IDENTIFIER = Moguizan.SharedFlixTests;
				PRODUCT_NAME = "$(TARGET_NAME)";
				SDKROOT = auto;
				SUPPORTED_PLATFORMS = "iphoneos iphonesimulator macosx";
				SWIFT_EMIT_LOC_STRINGS = NO;
				SWIFT_VERSION = 5.0;
				TARGETED_DEVICE_FAMILY = "1,2";
				TEST_HOST = "$(BUILT_PRODUCTS_DIR)/SharedFlix.app/$(BUNDLE_EXECUTABLE_FOLDER_PATH)/SharedFlix";
			};
			name = Debug;
		};
		1E33321D2B2A334800666400 /* Release */ = {
			isa = XCBuildConfiguration;
			buildSettings = {
				ALWAYS_EMBED_SWIFT_STANDARD_LIBRARIES = YES;
				BUNDLE_LOADER = "$(TEST_HOST)";
				CODE_SIGN_STYLE = Automatic;
				CURRENT_PROJECT_VERSION = 1;
				GENERATE_INFOPLIST_FILE = YES;
				IPHONEOS_DEPLOYMENT_TARGET = 17.0;
				MACOSX_DEPLOYMENT_TARGET = 13.5;
				MARKETING_VERSION = 1.0;
				PRODUCT_BUNDLE_IDENTIFIER = Moguizan.SharedFlixTests;
				PRODUCT_NAME = "$(TARGET_NAME)";
				SDKROOT = auto;
				SUPPORTED_PLATFORMS = "iphoneos iphonesimulator macosx";
				SWIFT_EMIT_LOC_STRINGS = NO;
				SWIFT_VERSION = 5.0;
				TARGETED_DEVICE_FAMILY = "1,2";
				TEST_HOST = "$(BUILT_PRODUCTS_DIR)/SharedFlix.app/$(BUNDLE_EXECUTABLE_FOLDER_PATH)/SharedFlix";
			};
			name = Release;
		};
		1E33321F2B2A334800666400 /* Debug */ = {
			isa = XCBuildConfiguration;
			buildSettings = {
				ALWAYS_EMBED_SWIFT_STANDARD_LIBRARIES = YES;
				CODE_SIGN_STYLE = Automatic;
				CURRENT_PROJECT_VERSION = 1;
				GENERATE_INFOPLIST_FILE = YES;
				IPHONEOS_DEPLOYMENT_TARGET = 17.0;
				MACOSX_DEPLOYMENT_TARGET = 13.5;
				MARKETING_VERSION = 1.0;
				PRODUCT_BUNDLE_IDENTIFIER = Moguizan.SharedFlixUITests;
				PRODUCT_NAME = "$(TARGET_NAME)";
				SDKROOT = auto;
				SUPPORTED_PLATFORMS = "iphoneos iphonesimulator macosx";
				SWIFT_EMIT_LOC_STRINGS = NO;
				SWIFT_VERSION = 5.0;
				TARGETED_DEVICE_FAMILY = "1,2";
				TEST_TARGET_NAME = SharedFlix;
			};
			name = Debug;
		};
		1E3332202B2A334800666400 /* Release */ = {
			isa = XCBuildConfiguration;
			buildSettings = {
				ALWAYS_EMBED_SWIFT_STANDARD_LIBRARIES = YES;
				CODE_SIGN_STYLE = Automatic;
				CURRENT_PROJECT_VERSION = 1;
				GENERATE_INFOPLIST_FILE = YES;
				IPHONEOS_DEPLOYMENT_TARGET = 17.0;
				MACOSX_DEPLOYMENT_TARGET = 13.5;
				MARKETING_VERSION = 1.0;
				PRODUCT_BUNDLE_IDENTIFIER = Moguizan.SharedFlixUITests;
				PRODUCT_NAME = "$(TARGET_NAME)";
				SDKROOT = auto;
				SUPPORTED_PLATFORMS = "iphoneos iphonesimulator macosx";
				SWIFT_EMIT_LOC_STRINGS = NO;
				SWIFT_VERSION = 5.0;
				TARGETED_DEVICE_FAMILY = "1,2";
				TEST_TARGET_NAME = SharedFlix;
			};
			name = Release;
		};
/* End XCBuildConfiguration section */

/* Begin XCConfigurationList section */
		1E3331E92B2A334400666400 /* Build configuration list for PBXProject "SharedFlix" */ = {
			isa = XCConfigurationList;
			buildConfigurations = (
				1E3332162B2A334800666400 /* Debug */,
				1E3332172B2A334800666400 /* Release */,
			);
			defaultConfigurationIsVisible = 0;
			defaultConfigurationName = Release;
		};
		1E3332182B2A334800666400 /* Build configuration list for PBXNativeTarget "SharedFlix" */ = {
			isa = XCConfigurationList;
			buildConfigurations = (
				1E3332192B2A334800666400 /* Debug */,
				1E33321A2B2A334800666400 /* Release */,
			);
			defaultConfigurationIsVisible = 0;
			defaultConfigurationName = Release;
		};
		1E33321B2B2A334800666400 /* Build configuration list for PBXNativeTarget "SharedFlixTests" */ = {
			isa = XCConfigurationList;
			buildConfigurations = (
				1E33321C2B2A334800666400 /* Debug */,
				1E33321D2B2A334800666400 /* Release */,
			);
			defaultConfigurationIsVisible = 0;
			defaultConfigurationName = Release;
		};
		1E33321E2B2A334800666400 /* Build configuration list for PBXNativeTarget "SharedFlixUITests" */ = {
			isa = XCConfigurationList;
			buildConfigurations = (
				1E33321F2B2A334800666400 /* Debug */,
				1E3332202B2A334800666400 /* Release */,
			);
			defaultConfigurationIsVisible = 0;
			defaultConfigurationName = Release;
		};
/* End XCConfigurationList section */

/* Begin XCRemoteSwiftPackageReference section */
		1E709ACE2B2B145400D6EC5E /* XCRemoteSwiftPackageReference "SwiftDate" */ = {
			isa = XCRemoteSwiftPackageReference;
			repositoryURL = "https://github.com/malcommac/SwiftDate.git";
			requirement = {
				kind = upToNextMajorVersion;
				minimumVersion = 7.0.0;
			};
		};
/* End XCRemoteSwiftPackageReference section */

/* Begin XCSwiftPackageProductDependency section */
		1E709ACF2B2B145400D6EC5E /* SwiftDate */ = {
			isa = XCSwiftPackageProductDependency;
			package = 1E709ACE2B2B145400D6EC5E /* XCRemoteSwiftPackageReference "SwiftDate" */;
			productName = SwiftDate;
		};
/* End XCSwiftPackageProductDependency section */

/* Begin XCVersionGroup section */
		1E3331F52B2A334500666400 /* SharedFlix.xcdatamodeld */ = {
			isa = XCVersionGroup;
			children = (
				1E3331F62B2A334500666400 /* SharedFlix.xcdatamodel */,
			);
			currentVersion = 1E3331F62B2A334500666400 /* SharedFlix.xcdatamodel */;
			path = SharedFlix.xcdatamodeld;
			sourceTree = "<group>";
			versionGroupType = wrapper.xcdatamodel;
		};
/* End XCVersionGroup section */
	};
	rootObject = 1E3331E62B2A334400666400 /* Project object */;
}
